
Microsoft Visual Studio Solution File, Format Version 12.00
# Visual Studio Version 17
VisualStudioVersion = 17.0.31903.59
MinimumVisualStudioVersion = 10.0.40219.1
Project("{FAE04EC0-301F-11D3-BF4B-00C04F79EFBC}") = "API", "API\API.csproj", "{1B622B8B-526A-4653-AF0B-E315320040E4}"
EndProject
Project("{FAE04EC0-301F-11D3-BF4B-00C04F79EFBC}") = "Core", "Core\Core.csproj", "{9F5509A5-E66F-4ACD-B231-0FCC3802B5D6}"
EndProject
Project("{FAE04EC0-301F-11D3-BF4B-00C04F79EFBC}") = "Infrastructure", "Infrastructure\Infrastructure.csproj", "{497FE893-2BBB-4A4D-863D-1AE1E2497C4E}"
EndProject
Global
	GlobalSection(SolutionConfigurationPlatforms) = preSolution
		Debug|Any CPU = Debug|Any CPU
		Release|Any CPU = Release|Any CPU
	EndGlobalSection
	GlobalSection(SolutionProperties) = preSolution
		HideSolutionNode = FALSE
	EndGlobalSection
	GlobalSection(ProjectConfigurationPlatforms) = postSolution
		{1B622B8B-526A-4653-AF0B-E315320040E4}.Debug|Any CPU.ActiveCfg = Debug|Any CPU
		{1B622B8B-526A-4653-AF0B-E315320040E4}.Debug|Any CPU.Build.0 = Debug|Any CPU
		{1B622B8B-526A-4653-AF0B-E315320040E4}.Release|Any CPU.ActiveCfg = Release|Any CPU
		{1B622B8B-526A-4653-AF0B-E315320040E4}.Release|Any CPU.Build.0 = Release|Any CPU
		{9F5509A5-E66F-4ACD-B231-0FCC3802B5D6}.Debug|Any CPU.ActiveCfg = Debug|Any CPU
		{9F5509A5-E66F-4ACD-B231-0FCC3802B5D6}.Debug|Any CPU.Build.0 = Debug|Any CPU
		{9F5509A5-E66F-4ACD-B231-0FCC3802B5D6}.Release|Any CPU.ActiveCfg = Release|Any CPU
		{9F5509A5-E66F-4ACD-B231-0FCC3802B5D6}.Release|Any CPU.Build.0 = Release|Any CPU
		{497FE893-2BBB-4A4D-863D-1AE1E2497C4E}.Debug|Any CPU.ActiveCfg = Debug|Any CPU
		{497FE893-2BBB-4A4D-863D-1AE1E2497C4E}.Debug|Any CPU.Build.0 = Debug|Any CPU
		{497FE893-2BBB-4A4D-863D-1AE1E2497C4E}.Release|Any CPU.ActiveCfg = Release|Any CPU
		{497FE893-2BBB-4A4D-863D-1AE1E2497C4E}.Release|Any CPU.Build.0 = Release|Any CPU
	EndGlobalSection
EndGlobal
